
Microsoft Visual Studio Solution File, Format Version 12.00
# Visual Studio Version 17
VisualStudioVersion = 17.9.34728.123
MinimumVisualStudioVersion = 10.0.40219.1
Project("{FAE04EC0-301F-11D3-BF4B-00C04F79EFBC}") = "C# Neural Network", "C# Neural Network\C# Neural Network.csproj", "{B3206EA1-2B24-4EA1-AF46-35C90D48C7F5}"
EndProject
Global
	GlobalSection(SolutionConfigurationPlatforms) = preSolution
		Debug|Any CPU = Debug|Any CPU
		Release|Any CPU = Release|Any CPU
	EndGlobalSection
	GlobalSection(ProjectConfigurationPlatforms) = postSolution
		{B3206EA1-2B24-4EA1-AF46-35C90D48C7F5}.Debug|Any CPU.ActiveCfg = Debug|Any CPU
		{B3206EA1-2B24-4EA1-AF46-35C90D48C7F5}.Debug|Any CPU.Build.0 = Debug|Any CPU
		{B3206EA1-2B24-4EA1-AF46-35C90D48C7F5}.Release|Any CPU.ActiveCfg = Release|Any CPU
		{B3206EA1-2B24-4EA1-AF46-35C90D48C7F5}.Release|Any CPU.Build.0 = Release|Any CPU
	EndGlobalSection
	GlobalSection(SolutionProperties) = preSolution
		HideSolutionNode = FALSE
	EndGlobalSection
	GlobalSection(ExtensibilityGlobals) = postSolution
		SolutionGuid = {15F3BC0A-E62D-433C-B085-7DDC745A722C}
	EndGlobalSection
EndGlobal
